
Microsoft Visual Studio Solution File, Format Version 12.00
# Visual Studio Version 16
VisualStudioVersion = 16.0.31729.503
MinimumVisualStudioVersion = 10.0.40219.1
Project("{9A19103F-16F7-4668-BE54-9A1E7A4F7556}") = "Campaign", "src\Campaign\Campaign.csproj", "{CC2273C5-1C1F-4D47-AC62-2FE8D80824EF}"
EndProject
Project("{9A19103F-16F7-4668-BE54-9A1E7A4F7556}") = "Service", "src\Service\Service.csproj", "{D2D51BE3-4E32-4894-8D5E-A4D1A483191D}"
EndProject
Project("{9A19103F-16F7-4668-BE54-9A1E7A4F7556}") = "Data", "src\Data\Data.csproj", "{7B6DE274-2E7D-47D5-BF59-FEA7ADB2ADC1}"
EndProject
Project("{9A19103F-16F7-4668-BE54-9A1E7A4F7556}") = "Model", "src\Model\Model.csproj", "{16D460AB-5987-42A1-BC97-269E1D2B0C99}"
EndProject
Project("{2150E333-8FDC-42A3-9474-1A3956D46DE8}") = "src", "src", "{9AE645BE-B385-4A8A-8787-D3ED6CCFB902}"
EndProject
Project("{2150E333-8FDC-42A3-9474-1A3956D46DE8}") = "test", "test", "{7E1DB7C0-0348-4B2D-A3CB-5C001C0D9B6E}"
EndProject
Project("{9A19103F-16F7-4668-BE54-9A1E7A4F7556}") = "Data.Tests", "test\Data.Tests\Data.Tests.csproj", "{93DC4CCE-871B-4F03-A0D8-589D9B94B248}"
EndProject
Project("{FAE04EC0-301F-11D3-BF4B-00C04F79EFBC}") = "ServiceTests", "test\ServiceTests\ServiceTests.csproj", "{405ADB73-D3DB-46FB-9DEF-3F0FF16464BA}"
EndProject
Global
	GlobalSection(SolutionConfigurationPlatforms) = preSolution
		Debug|Any CPU = Debug|Any CPU
		Release|Any CPU = Release|Any CPU
	EndGlobalSection
	GlobalSection(ProjectConfigurationPlatforms) = postSolution
		{CC2273C5-1C1F-4D47-AC62-2FE8D80824EF}.Debug|Any CPU.ActiveCfg = Debug|Any CPU
		{CC2273C5-1C1F-4D47-AC62-2FE8D80824EF}.Debug|Any CPU.Build.0 = Debug|Any CPU
		{CC2273C5-1C1F-4D47-AC62-2FE8D80824EF}.Release|Any CPU.ActiveCfg = Release|Any CPU
		{CC2273C5-1C1F-4D47-AC62-2FE8D80824EF}.Release|Any CPU.Build.0 = Release|Any CPU
		{D2D51BE3-4E32-4894-8D5E-A4D1A483191D}.Debug|Any CPU.ActiveCfg = Debug|Any CPU
		{D2D51BE3-4E32-4894-8D5E-A4D1A483191D}.Debug|Any CPU.Build.0 = Debug|Any CPU
		{D2D51BE3-4E32-4894-8D5E-A4D1A483191D}.Release|Any CPU.ActiveCfg = Release|Any CPU
		{D2D51BE3-4E32-4894-8D5E-A4D1A483191D}.Release|Any CPU.Build.0 = Release|Any CPU
		{7B6DE274-2E7D-47D5-BF59-FEA7ADB2ADC1}.Debug|Any CPU.ActiveCfg = Debug|Any CPU
		{7B6DE274-2E7D-47D5-BF59-FEA7ADB2ADC1}.Debug|Any CPU.Build.0 = Debug|Any CPU
		{7B6DE274-2E7D-47D5-BF59-FEA7ADB2ADC1}.Release|Any CPU.ActiveCfg = Release|Any CPU
		{7B6DE274-2E7D-47D5-BF59-FEA7ADB2ADC1}.Release|Any CPU.Build.0 = Release|Any CPU
		{16D460AB-5987-42A1-BC97-269E1D2B0C99}.Debug|Any CPU.ActiveCfg = Debug|Any CPU
		{16D460AB-5987-42A1-BC97-269E1D2B0C99}.Debug|Any CPU.Build.0 = Debug|Any CPU
		{16D460AB-5987-42A1-BC97-269E1D2B0C99}.Release|Any CPU.ActiveCfg = Release|Any CPU
		{16D460AB-5987-42A1-BC97-269E1D2B0C99}.Release|Any CPU.Build.0 = Release|Any CPU
		{93DC4CCE-871B-4F03-A0D8-589D9B94B248}.Debug|Any CPU.ActiveCfg = Debug|Any CPU
		{93DC4CCE-871B-4F03-A0D8-589D9B94B248}.Debug|Any CPU.Build.0 = Debug|Any CPU
		{93DC4CCE-871B-4F03-A0D8-589D9B94B248}.Release|Any CPU.ActiveCfg = Release|Any CPU
		{93DC4CCE-871B-4F03-A0D8-589D9B94B248}.Release|Any CPU.Build.0 = Release|Any CPU
		{405ADB73-D3DB-46FB-9DEF-3F0FF16464BA}.Debug|Any CPU.ActiveCfg = Debug|Any CPU
		{405ADB73-D3DB-46FB-9DEF-3F0FF16464BA}.Debug|Any CPU.Build.0 = Debug|Any CPU
		{405ADB73-D3DB-46FB-9DEF-3F0FF16464BA}.Release|Any CPU.ActiveCfg = Release|Any CPU
		{405ADB73-D3DB-46FB-9DEF-3F0FF16464BA}.Release|Any CPU.Build.0 = Release|Any CPU
	EndGlobalSection
	GlobalSection(SolutionProperties) = preSolution
		HideSolutionNode = FALSE
	EndGlobalSection
	GlobalSection(NestedProjects) = preSolution
		{CC2273C5-1C1F-4D47-AC62-2FE8D80824EF} = {9AE645BE-B385-4A8A-8787-D3ED6CCFB902}
		{D2D51BE3-4E32-4894-8D5E-A4D1A483191D} = {9AE645BE-B385-4A8A-8787-D3ED6CCFB902}
		{7B6DE274-2E7D-47D5-BF59-FEA7ADB2ADC1} = {9AE645BE-B385-4A8A-8787-D3ED6CCFB902}
		{16D460AB-5987-42A1-BC97-269E1D2B0C99} = {9AE645BE-B385-4A8A-8787-D3ED6CCFB902}
		{93DC4CCE-871B-4F03-A0D8-589D9B94B248} = {7E1DB7C0-0348-4B2D-A3CB-5C001C0D9B6E}
		{405ADB73-D3DB-46FB-9DEF-3F0FF16464BA} = {7E1DB7C0-0348-4B2D-A3CB-5C001C0D9B6E}
	EndGlobalSection
	GlobalSection(ExtensibilityGlobals) = postSolution
		SolutionGuid = {321E4AB8-4DA5-4DEC-A2D8-6CE3D52D7142}
	EndGlobalSection
EndGlobal
